// !$*UTF8*$!
{
	archiveVersion = 1;
	classes = {
	};
	objectVersion = 56;
	objects = {

/* Begin PBXBuildFile section */
		C88FFD4D2B9CD6660020C812 /* FitHeightSheetExampleApp.swift in Sources */ = {isa = PBXBuildFile; fileRef = C88FFD4C2B9CD6660020C812 /* FitHeightSheetExampleApp.swift */; };
		C88FFD4F2B9CD6660020C812 /* ContentView.swift in Sources */ = {isa = PBXBuildFile; fileRef = C88FFD4E2B9CD6660020C812 /* ContentView.swift */; };
		C88FFD512B9CD6670020C812 /* Assets.xcassets in Resources */ = {isa = PBXBuildFile; fileRef = C88FFD502B9CD6670020C812 /* Assets.xcassets */; };
		C88FFD542B9CD6670020C812 /* Preview Assets.xcassets in Resources */ = {isa = PBXBuildFile; fileRef = C88FFD532B9CD6670020C812 /* Preview Assets.xcassets */; };
		C88FFD5C2B9CD86B0020C812 /* FitHeightSheet in Frameworks */ = {isa = PBXBuildFile; productRef = C88FFD5B2B9CD86B0020C812 /* FitHeightSheet */; };
		C88FFD5E2B9CD89D0020C812 /* RegisterFormView.swift in Sources */ = {isa = PBXBuildFile; fileRef = C88FFD5D2B9CD89D0020C812 /* RegisterFormView.swift */; };
/* End PBXBuildFile section */

/* Begin PBXFileReference section */
		C88FFD492B9CD6660020C812 /* FitHeightSheetExample.app */ = {isa = PBXFileReference; explicitFileType = wrapper.application; includeInIndex = 0; path = FitHeightSheetExample.app; sourceTree = BUILT_PRODUCTS_DIR; };
		C88FFD4C2B9CD6660020C812 /* FitHeightSheetExampleApp.swift */ = {isa = PBXFileReference; lastKnownFileType = sourcecode.swift; path = FitHeightSheetExampleApp.swift; sourceTree = "<group>"; };
		C88FFD4E2B9CD6660020C812 /* ContentView.swift */ = {isa = PBXFileReference; lastKnownFileType = sourcecode.swift; path = ContentView.swift; sourceTree = "<group>"; };
		C88FFD502B9CD6670020C812 /* Assets.xcassets */ = {isa = PBXFileReference; lastKnownFileType = folder.assetcatalog; path = Assets.xcassets; sourceTree = "<group>"; };
		C88FFD532B9CD6670020C812 /* Preview Assets.xcassets */ = {isa = PBXFileReference; lastKnownFileType = folder.assetcatalog; path = "Preview Assets.xcassets"; sourceTree = "<group>"; };
		C88FFD5D2B9CD89D0020C812 /* RegisterFormView.swift */ = {isa = PBXFileReference; lastKnownFileType = sourcecode.swift; path = RegisterFormView.swift; sourceTree = "<group>"; };
/* End PBXFileReference section */

/* Begin PBXFrameworksBuildPhase section */
		C88FFD462B9CD6660020C812 /* Frameworks */ = {
			isa = PBXFrameworksBuildPhase;
			buildActionMask = 2147483647;
			files = (
				C88FFD5C2B9CD86B0020C812 /* FitHeightSheet in Frameworks */,
			);
			runOnlyForDeploymentPostprocessing = 0;
		};
/* End PBXFrameworksBuildPhase section */

/* Begin PBXGroup section */
		C88FFD402B9CD6660020C812 = {
			isa = PBXGroup;
			children = (
				C88FFD4B2B9CD6660020C812 /* FitHeightSheetExample */,
				C88FFD4A2B9CD6660020C812 /* Products */,
			);
			sourceTree = "<group>";
		};
		C88FFD4A2B9CD6660020C812 /* Products */ = {
			isa = PBXGroup;
			children = (
				C88FFD492B9CD6660020C812 /* FitHeightSheetExample.app */,
			);
			name = Products;
			sourceTree = "<group>";
		};
		C88FFD4B2B9CD6660020C812 /* FitHeightSheetExample */ = {
			isa = PBXGroup;
			children = (
				C88FFD4C2B9CD6660020C812 /* FitHeightSheetExampleApp.swift */,
				C88FFD4E2B9CD6660020C812 /* ContentView.swift */,
				C88FFD5D2B9CD89D0020C812 /* RegisterFormView.swift */,
				C88FFD502B9CD6670020C812 /* Assets.xcassets */,
				C88FFD522B9CD6670020C812 /* Preview Content */,
			);
			path = FitHeightSheetExample;
			sourceTree = "<group>";
		};
		C88FFD522B9CD6670020C812 /* Preview Content */ = {
			isa = PBXGroup;
			children = (
				C88FFD532B9CD6670020C812 /* Preview Assets.xcassets */,
			);
			path = "Preview Content";
			sourceTree = "<group>";
		};
/* End PBXGroup section */

/* Begin PBXNativeTarget section */
		C88FFD482B9CD6660020C812 /* FitHeightSheetExample */ = {
			isa = PBXNativeTarget;
			buildConfigurationList = C88FFD572B9CD6670020C812 /* Build configuration list for PBXNativeTarget "FitHeightSheetExample" */;
			buildPhases = (
				C88FFD452B9CD6660020C812 /* Sources */,
				C88FFD462B9CD6660020C812 /* Frameworks */,
				C88FFD472B9CD6660020C812 /* Resources */,
			);
			buildRules = (
			);
			dependencies = (
			);
			name = FitHeightSheetExample;
			packageProductDependencies = (
				C88FFD5B2B9CD86B0020C812 /* FitHeightSheet */,
			);
			productName = FitHeightSheetExample;
			productReference = C88FFD492B9CD6660020C812 /* FitHeightSheetExample.app */;
			productType = "com.apple.product-type.application";
		};
/* End PBXNativeTarget section */

/* Begin PBXProject section */
		C88FFD412B9CD6660020C812 /* Project object */ = {
			isa = PBXProject;
			attributes = {
				BuildIndependentTargetsInParallel = 1;
				LastSwiftUpdateCheck = 1520;
				LastUpgradeCheck = 1520;
				TargetAttributes = {
					C88FFD482B9CD6660020C812 = {
						CreatedOnToolsVersion = 15.2;
					};
				};
			};
			buildConfigurationList = C88FFD442B9CD6660020C812 /* Build configuration list for PBXProject "FitHeightSheetExample" */;
			compatibilityVersion = "Xcode 14.0";
			developmentRegion = en;
			hasScannedForEncodings = 0;
			knownRegions = (
				en,
				Base,
			);
			mainGroup = C88FFD402B9CD6660020C812;
			packageReferences = (
				C88FFD5A2B9CD86B0020C812 /* XCRemoteSwiftPackageReference "FitHeightSheet" */,
			);
			productRefGroup = C88FFD4A2B9CD6660020C812 /* Products */;
			projectDirPath = "";
			projectRoot = "";
			targets = (
				C88FFD482B9CD6660020C812 /* FitHeightSheetExample */,
			);
		};
/* End PBXProject section */

/* Begin PBXResourcesBuildPhase section */
		C88FFD472B9CD6660020C812 /* Resources */ = {
			isa = PBXResourcesBuildPhase;
			buildActionMask = 2147483647;
			files = (
				C88FFD542B9CD6670020C812 /* Preview Assets.xcassets in Resources */,
				C88FFD512B9CD6670020C812 /* Assets.xcassets in Resources */,
			);
			runOnlyForDeploymentPostprocessing = 0;
		};
/* End PBXResourcesBuildPhase section */

/* Begin PBXSourcesBuildPhase section */
		C88FFD452B9CD6660020C812 /* Sources */ = {
			isa = PBXSourcesBuildPhase;
			buildActionMask = 2147483647;
			files = (
				C88FFD4F2B9CD6660020C812 /* ContentView.swift in Sources */,
				C88FFD4D2B9CD6660020C812 /* FitHeightSheetExampleApp.swift in Sources */,
				C88FFD5E2B9CD89D0020C812 /* RegisterFormView.swift in Sources */,
			);
			runOnlyForDeploymentPostprocessing = 0;
		};
/* End PBXSourcesBuildPhase section */

/* Begin XCBuildConfiguration section */
		C88FFD552B9CD6670020C812 /* Debug */ = {
			isa = XCBuildConfiguration;
			buildSettings = {
				ALWAYS_SEARCH_USER_PATHS = NO;
				ASSETCATALOG_COMPILER_GENERATE_SWIFT_ASSET_SYMBOL_EXTENSIONS = YES;
				CLANG_ANALYZER_NONNULL = YES;
				CLANG_ANALYZER_NUMBER_OBJECT_CONVERSION = YES_AGGRESSIVE;
				CLANG_CXX_LANGUAGE_STANDARD = "gnu++20";
				CLANG_ENABLE_MODULES = YES;
				CLANG_ENABLE_OBJC_ARC = YES;
				CLANG_ENABLE_OBJC_WEAK = YES;
				CLANG_WARN_BLOCK_CAPTURE_AUTORELEASING = YES;
				CLANG_WARN_BOOL_CONVERSION = YES;
				CLANG_WARN_COMMA = YES;
				CLANG_WARN_CONSTANT_CONVERSION = YES;
				CLANG_WARN_DEPRECATED_OBJC_IMPLEMENTATIONS = YES;
				CLANG_WARN_DIRECT_OBJC_ISA_USAGE = YES_ERROR;
				CLANG_WARN_DOCUMENTATION_COMMENTS = YES;
				CLANG_WARN_EMPTY_BODY = YES;
				CLANG_WARN_ENUM_CONVERSION = YES;
				CLANG_WARN_INFINITE_RECURSION = YES;
				CLANG_WARN_INT_CONVERSION = YES;
				CLANG_WARN_NON_LITERAL_NULL_CONVERSION = YES;
				CLANG_WARN_OBJC_IMPLICIT_RETAIN_SELF = YES;
				CLANG_WARN_OBJC_LITERAL_CONVERSION = YES;
				CLANG_WARN_OBJC_ROOT_CLASS = YES_ERROR;
				CLANG_WARN_QUOTED_INCLUDE_IN_FRAMEWORK_HEADER = YES;
				CLANG_WARN_RANGE_LOOP_ANALYSIS = YES;
				CLANG_WARN_STRICT_PROTOTYPES = YES;
				CLANG_WARN_SUSPICIOUS_MOVE = YES;
				CLANG_WARN_UNGUARDED_AVAILABILITY = YES_AGGRESSIVE;
				CLANG_WARN_UNREACHABLE_CODE = YES;
				CLANG_WARN__DUPLICATE_METHOD_MATCH = YES;
				COPY_PHASE_STRIP = NO;
				DEBUG_INFORMATION_FORMAT = dwarf;
				ENABLE_STRICT_OBJC_MSGSEND = YES;
				ENABLE_TESTABILITY = YES;
				ENABLE_USER_SCRIPT_SANDBOXING = YES;
				GCC_C_LANGUAGE_STANDARD = gnu17;
				GCC_DYNAMIC_NO_PIC = NO;
				GCC_NO_COMMON_BLOCKS = YES;
				GCC_OPTIMIZATION_LEVEL = 0;
				GCC_PREPROCESSOR_DEFINITIONS = (
					"DEBUG=1",
					"$(inherited)",
				);
				GCC_WARN_64_TO_32_BIT_CONVERSION = YES;
				GCC_WARN_ABOUT_RETURN_TYPE = YES_ERROR;
				GCC_WARN_UNDECLARED_SELECTOR = YES;
				GCC_WARN_UNINITIALIZED_AUTOS = YES_AGGRESSIVE;
				GCC_WARN_UNUSED_FUNCTION = YES;
				GCC_WARN_UNUSED_VARIABLE = YES;
				IPHONEOS_DEPLOYMENT_TARGET = 17.2;
				LOCALIZATION_PREFERS_STRING_CATALOGS = YES;
				MTL_ENABLE_DEBUG_INFO = INCLUDE_SOURCE;
				MTL_FAST_MATH = YES;
				ONLY_ACTIVE_ARCH = YES;
				SDKROOT = iphoneos;
				SWIFT_ACTIVE_COMPILATION_CONDITIONS = "DEBUG $(inherited)";
				SWIFT_OPTIMIZATION_LEVEL = "-Onone";
			};
			name = Debug;
		};
		C88FFD562B9CD6670020C812 /* Release */ = {
			isa = XCBuildConfiguration;
			buildSettings = {
				ALWAYS_SEARCH_USER_PATHS = NO;
				ASSETCATALOG_COMPILER_GENERATE_SWIFT_ASSET_SYMBOL_EXTENSIONS = YES;
				CLANG_ANALYZER_NONNULL = YES;
				CLANG_ANALYZER_NUMBER_OBJECT_CONVERSION = YES_AGGRESSIVE;
				CLANG_CXX_LANGUAGE_STANDARD = "gnu++20";
				CLANG_ENABLE_MODULES = YES;
				CLANG_ENABLE_OBJC_ARC = YES;
				CLANG_ENABLE_OBJC_WEAK = YES;
				CLANG_WARN_BLOCK_CAPTURE_AUTORELEASING = YES;
				CLANG_WARN_BOOL_CONVERSION = YES;
				CLANG_WARN_COMMA = YES;
				CLANG_WARN_CONSTANT_CONVERSION = YES;
				CLANG_WARN_DEPRECATED_OBJC_IMPLEMENTATIONS = YES;
				CLANG_WARN_DIRECT_OBJC_ISA_USAGE = YES_ERROR;
				CLANG_WARN_DOCUMENTATION_COMMENTS = YES;
				CLANG_WARN_EMPTY_BODY = YES;
				CLANG_WARN_ENUM_CONVERSION = YES;
				CLANG_WARN_INFINITE_RECURSION = YES;
				CLANG_WARN_INT_CONVERSION = YES;
				CLANG_WARN_NON_LITERAL_NULL_CONVERSION = YES;
				CLANG_WARN_OBJC_IMPLICIT_RETAIN_SELF = YES;
				CLANG_WARN_OBJC_LITERAL_CONVERSION = YES;
				CLANG_WARN_OBJC_ROOT_CLASS = YES_ERROR;
				CLANG_WARN_QUOTED_INCLUDE_IN_FRAMEWORK_HEADER = YES;
				CLANG_WARN_RANGE_LOOP_ANALYSIS = YES;
				CLANG_WARN_STRICT_PROTOTYPES = YES;
				CLANG_WARN_SUSPICIOUS_MOVE = YES;
				CLANG_WARN_UNGUARDED_AVAILABILITY = YES_AGGRESSIVE;
				CLANG_WARN_UNREACHABLE_CODE = YES;
				CLANG_WARN__DUPLICATE_METHOD_MATCH = YES;
				COPY_PHASE_STRIP = NO;
				DEBUG_INFORMATION_FORMAT = "dwarf-with-dsym";
				ENABLE_NS_ASSERTIONS = NO;
				ENABLE_STRICT_OBJC_MSGSEND = YES;
				ENABLE_USER_SCRIPT_SANDBOXING = YES;
				GCC_C_LANGUAGE_STANDARD = gnu17;
				GCC_NO_COMMON_BLOCKS = YES;
				GCC_WARN_64_TO_32_BIT_CONVERSION = YES;
				GCC_WARN_ABOUT_RETURN_TYPE = YES_ERROR;
				GCC_WARN_UNDECLARED_SELECTOR = YES;
				GCC_WARN_UNINITIALIZED_AUTOS = YES_AGGRESSIVE;
				GCC_WARN_UNUSED_FUNCTION = YES;
				GCC_WARN_UNUSED_VARIABLE = YES;
				IPHONEOS_DEPLOYMENT_TARGET = 17.2;
				LOCALIZATION_PREFERS_STRING_CATALOGS = YES;
				MTL_ENABLE_DEBUG_INFO = NO;
				MTL_FAST_MATH = YES;
				SDKROOT = iphoneos;
				SWIFT_COMPILATION_MODE = wholemodule;
				VALIDATE_PRODUCT = YES;
			};
			name = Release;
		};
		C88FFD582B9CD6670020C812 /* Debug */ = {
			isa = XCBuildConfiguration;
			buildSettings = {
				ASSETCATALOG_COMPILER_APPICON_NAME = AppIcon;
				ASSETCATALOG_COMPILER_GLOBAL_ACCENT_COLOR_NAME = AccentColor;
				CODE_SIGN_STYLE = Automatic;
				CURRENT_PROJECT_VERSION = 1;
				DEVELOPMENT_ASSET_PATHS = "\"FitHeightSheetExample/Preview Content\"";
				DEVELOPMENT_TEAM = 3LGZY3S9Q5;
				ENABLE_PREVIEWS = YES;
				GENERATE_INFOPLIST_FILE = YES;
				INFOPLIST_KEY_UIApplicationSceneManifest_Generation = YES;
				INFOPLIST_KEY_UIApplicationSupportsIndirectInputEvents = YES;
				INFOPLIST_KEY_UILaunchScreen_Generation = YES;
				INFOPLIST_KEY_UISupportedInterfaceOrientations_iPad = "UIInterfaceOrientationPortrait UIInterfaceOrientationPortraitUpsideDown UIInterfaceOrientationLandscapeLeft UIInterfaceOrientationLandscapeRight";
				INFOPLIST_KEY_UISupportedInterfaceOrientations_iPhone = "UIInterfaceOrientationPortrait UIInterfaceOrientationLandscapeLeft UIInterfaceOrientationLandscapeRight";
				IPHONEOS_DEPLOYMENT_TARGET = 14.0;
				LD_RUNPATH_SEARCH_PATHS = (
					"$(inherited)",
					"@executable_path/Frameworks",
				);
				MARKETING_VERSION = 1.0;
				PRODUCT_BUNDLE_IDENTIFIER = com.kyaw.FitHeightSheetExample;
				PRODUCT_NAME = "$(TARGET_NAME)";
				SWIFT_EMIT_LOC_STRINGS = YES;
				SWIFT_VERSION = 5.0;
				TARGETED_DEVICE_FAMILY = "1,2";
			};
			name = Debug;
		};
		C88FFD592B9CD6670020C812 /* Release */ = {
			isa = XCBuildConfiguration;
			buildSettings = {
				ASSETCATALOG_COMPILER_APPICON_NAME = AppIcon;
				ASSETCATALOG_COMPILER_GLOBAL_ACCENT_COLOR_NAME = AccentColor;
				CODE_SIGN_STYLE = Automatic;
				CURRENT_PROJECT_VERSION = 1;
				DEVELOPMENT_ASSET_PATHS = "\"FitHeightSheetExample/Preview Content\"";
				DEVELOPMENT_TEAM = 3LGZY3S9Q5;
				ENABLE_PREVIEWS = YES;
				GENERATE_INFOPLIST_FILE = YES;
				INFOPLIST_KEY_UIApplicationSceneManifest_Generation = YES;
				INFOPLIST_KEY_UIApplicationSupportsIndirectInputEvents = YES;
				INFOPLIST_KEY_UILaunchScreen_Generation = YES;
				INFOPLIST_KEY_UISupportedInterfaceOrientations_iPad = "UIInterfaceOrientationPortrait UIInterfaceOrientationPortraitUpsideDown UIInterfaceOrientationLandscapeLeft UIInterfaceOrientationLandscapeRight";
				INFOPLIST_KEY_UISupportedInterfaceOrientations_iPhone = "UIInterfaceOrientationPortrait UIInterfaceOrientationLandscapeLeft UIInterfaceOrientationLandscapeRight";
				IPHONEOS_DEPLOYMENT_TARGET = 14.0;
				LD_RUNPATH_SEARCH_PATHS = (
					"$(inherited)",
					"@executable_path/Frameworks",
				);
				MARKETING_VERSION = 1.0;
				PRODUCT_BUNDLE_IDENTIFIER = com.kyaw.FitHeightSheetExample;
				PRODUCT_NAME = "$(TARGET_NAME)";
				SWIFT_EMIT_LOC_STRINGS = YES;
				SWIFT_VERSION = 5.0;
				TARGETED_DEVICE_FAMILY = "1,2";
			};
			name = Release;
		};
/* End XCBuildConfiguration section */

/* Begin XCConfigurationList section */
		C88FFD442B9CD6660020C812 /* Build configuration list for PBXProject "FitHeightSheetExample" */ = {
			isa = XCConfigurationList;
			buildConfigurations = (
				C88FFD552B9CD6670020C812 /* Debug */,
				C88FFD562B9CD6670020C812 /* Release */,
			);
			defaultConfigurationIsVisible = 0;
			defaultConfigurationName = Release;
		};
		C88FFD572B9CD6670020C812 /* Build configuration list for PBXNativeTarget "FitHeightSheetExample" */ = {
			isa = XCConfigurationList;
			buildConfigurations = (
				C88FFD582B9CD6670020C812 /* Debug */,
				C88FFD592B9CD6670020C812 /* Release */,
			);
			defaultConfigurationIsVisible = 0;
			defaultConfigurationName = Release;
		};
/* End XCConfigurationList section */

/* Begin XCRemoteSwiftPackageReference section */
		C88FFD5A2B9CD86B0020C812 /* XCRemoteSwiftPackageReference "FitHeightSheet" */ = {
			isa = XCRemoteSwiftPackageReference;
			repositoryURL = "https://github.com/kyaw-codes/FitHeightSheet.git";
			requirement = {
				branch = main;
				kind = branch;
			};
		};
/* End XCRemoteSwiftPackageReference section */

/* Begin XCSwiftPackageProductDependency section */
		C88FFD5B2B9CD86B0020C812 /* FitHeightSheet */ = {
			isa = XCSwiftPackageProductDependency;
			package = C88FFD5A2B9CD86B0020C812 /* XCRemoteSwiftPackageReference "FitHeightSheet" */;
			productName = FitHeightSheet;
		};
/* End XCSwiftPackageProductDependency section */
	};
	rootObject = C88FFD412B9CD6660020C812 /* Project object */;
}
