{
  "pins" : [
    {
      "identity" : "fitheightsheet",
      "kind" : "remoteSourceControl",
      "location" : "https://github.com/kyaw-codes/FitHeightSheet.git",
      "state" : {
        "branch" : "main",
        "revision" : "8a57c1df43281cf3c29bff80039ba9a8ae516442"
      }
    }
  ],
  "version" : 2
}
