// !$*UTF8*$!
{
	archiveVersion = 1;
	classes = {
	};
	objectVersion = 60;
	objects = {

/* Begin PBXBuildFile section */
		C8032B782C073672008C4A7E /* FitHeightSheetDemoApp.swift in Sources */ = {isa = PBXBuildFile; fileRef = C8032B772C073672008C4A7E /* FitHeightSheetDemoApp.swift */; };
		C8032B7A2C073672008C4A7E /* SheetPresentationWithBoolView.swift in Sources */ = {isa = PBXBuildFile; fileRef = C8032B792C073672008C4A7E /* SheetPresentationWithBoolView.swift */; };
		C8032B7C2C073673008C4A7E /* Assets.xcassets in Resources */ = {isa = PBXBuildFile; fileRef = C8032B7B2C073673008C4A7E /* Assets.xcassets */; };
		C8032B7F2C073673008C4A7E /* Preview Assets.xcassets in Resources */ = {isa = PBXBuildFile; fileRef = C8032B7E2C073673008C4A7E /* Preview Assets.xcassets */; };
		C8032B872C0736D1008C4A7E /* FitHeightSheet in Frameworks */ = {isa = PBXBuildFile; productRef = C8032B862C0736D1008C4A7E /* FitHeightSheet */; };
		C87D1A092C1CA1C50099953D /* HomeView.swift in Sources */ = {isa = PBXBuildFile; fileRef = C87D1A082C1CA1C50099953D /* HomeView.swift */; };
		C87D1A0B2C1CAD110099953D /* SheetView.swift in Sources */ = {isa = PBXBuildFile; fileRef = C87D1A0A2C1CAD110099953D /* SheetView.swift */; };
		C87D1A0D2C1CAD830099953D /* SheetWithTabView.swift in Sources */ = {isa = PBXBuildFile; fileRef = C87D1A0C2C1CAD830099953D /* SheetWithTabView.swift */; };
		C87D1A0F2C1CAD980099953D /* SheetPresentationWithOptionalValueView.swift in Sources */ = {isa = PBXBuildFile; fileRef = C87D1A0E2C1CAD980099953D /* SheetPresentationWithOptionalValueView.swift */; };
		C8C1042C2C2342B800DF342D /* SheetWithCustomizations.swift in Sources */ = {isa = PBXBuildFile; fileRef = C8C1042B2C2342B800DF342D /* SheetWithCustomizations.swift */; };
/* End PBXBuildFile section */

/* Begin PBXFileReference section */
		C8032B742C073672008C4A7E /* FitHeightSheetDemo.app */ = {isa = PBXFileReference; explicitFileType = wrapper.application; includeInIndex = 0; path = FitHeightSheetDemo.app; sourceTree = BUILT_PRODUCTS_DIR; };
		C8032B772C073672008C4A7E /* FitHeightSheetDemoApp.swift */ = {isa = PBXFileReference; lastKnownFileType = sourcecode.swift; path = FitHeightSheetDemoApp.swift; sourceTree = "<group>"; };
		C8032B792C073672008C4A7E /* SheetPresentationWithBoolView.swift */ = {isa = PBXFileReference; lastKnownFileType = sourcecode.swift; path = SheetPresentationWithBoolView.swift; sourceTree = "<group>"; };
		C8032B7B2C073673008C4A7E /* Assets.xcassets */ = {isa = PBXFileReference; lastKnownFileType = folder.assetcatalog; path = Assets.xcassets; sourceTree = "<group>"; };
		C8032B7E2C073673008C4A7E /* Preview Assets.xcassets */ = {isa = PBXFileReference; lastKnownFileType = folder.assetcatalog; path = "Preview Assets.xcassets"; sourceTree = "<group>"; };
		C87D1A082C1CA1C50099953D /* HomeView.swift */ = {isa = PBXFileReference; lastKnownFileType = sourcecode.swift; path = HomeView.swift; sourceTree = "<group>"; };
		C87D1A0A2C1CAD110099953D /* SheetView.swift */ = {isa = PBXFileReference; lastKnownFileType = sourcecode.swift; path = SheetView.swift; sourceTree = "<group>"; };
		C87D1A0C2C1CAD830099953D /* SheetWithTabView.swift */ = {isa = PBXFileReference; lastKnownFileType = sourcecode.swift; path = SheetWithTabView.swift; sourceTree = "<group>"; };
		C87D1A0E2C1CAD980099953D /* SheetPresentationWithOptionalValueView.swift */ = {isa = PBXFileReference; lastKnownFileType = sourcecode.swift; path = SheetPresentationWithOptionalValueView.swift; sourceTree = "<group>"; };
		C8C1042B2C2342B800DF342D /* SheetWithCustomizations.swift */ = {isa = PBXFileReference; lastKnownFileType = sourcecode.swift; path = SheetWithCustomizations.swift; sourceTree = "<group>"; };
/* End PBXFileReference section */

/* Begin PBXFrameworksBuildPhase section */
		C8032B712C073672008C4A7E /* Frameworks */ = {
			isa = PBXFrameworksBuildPhase;
			buildActionMask = 2147483647;
			files = (
				C8032B872C0736D1008C4A7E /* FitHeightSheet in Frameworks */,
			);
			runOnlyForDeploymentPostprocessing = 0;
		};
/* End PBXFrameworksBuildPhase section */

/* Begin PBXGroup section */
		C8032B6B2C073672008C4A7E = {
			isa = PBXGroup;
			children = (
				C8032B762C073672008C4A7E /* FitHeightSheetDemo */,
				C8032B752C073672008C4A7E /* Products */,
			);
			sourceTree = "<group>";
		};
		C8032B752C073672008C4A7E /* Products */ = {
			isa = PBXGroup;
			children = (
				C8032B742C073672008C4A7E /* FitHeightSheetDemo.app */,
			);
			name = Products;
			sourceTree = "<group>";
		};
		C8032B762C073672008C4A7E /* FitHeightSheetDemo */ = {
			isa = PBXGroup;
			children = (
				C8032B772C073672008C4A7E /* FitHeightSheetDemoApp.swift */,
				C87D1A082C1CA1C50099953D /* HomeView.swift */,
				C8032B792C073672008C4A7E /* SheetPresentationWithBoolView.swift */,
				C87D1A0E2C1CAD980099953D /* SheetPresentationWithOptionalValueView.swift */,
				C87D1A0C2C1CAD830099953D /* SheetWithTabView.swift */,
				C87D1A0A2C1CAD110099953D /* SheetView.swift */,
				C8C1042B2C2342B800DF342D /* SheetWithCustomizations.swift */,
				C8032B7B2C073673008C4A7E /* Assets.xcassets */,
				C8032B7D2C073673008C4A7E /* Preview Content */,
			);
			path = FitHeightSheetDemo;
			sourceTree = "<group>";
		};
		C8032B7D2C073673008C4A7E /* Preview Content */ = {
			isa = PBXGroup;
			children = (
				C8032B7E2C073673008C4A7E /* Preview Assets.xcassets */,
			);
			path = "Preview Content";
			sourceTree = "<group>";
		};
/* End PBXGroup section */

/* Begin PBXNativeTarget section */
		C8032B732C073672008C4A7E /* FitHeightSheetDemo */ = {
			isa = PBXNativeTarget;
			buildConfigurationList = C8032B822C073673008C4A7E /* Build configuration list for PBXNativeTarget "FitHeightSheetDemo" */;
			buildPhases = (
				C8032B702C073672008C4A7E /* Sources */,
				C8032B712C073672008C4A7E /* Frameworks */,
				C8032B722C073672008C4A7E /* Resources */,
			);
			buildRules = (
			);
			dependencies = (
			);
			name = FitHeightSheetDemo;
			packageProductDependencies = (
				C8032B862C0736D1008C4A7E /* FitHeightSheet */,
			);
			productName = FitHeightSheetDemo;
			productReference = C8032B742C073672008C4A7E /* FitHeightSheetDemo.app */;
			productType = "com.apple.product-type.application";
		};
/* End PBXNativeTarget section */

/* Begin PBXProject section */
		C8032B6C2C073672008C4A7E /* Project object */ = {
			isa = PBXProject;
			attributes = {
				BuildIndependentTargetsInParallel = 1;
				LastSwiftUpdateCheck = 1520;
				LastUpgradeCheck = 1520;
				TargetAttributes = {
					C8032B732C073672008C4A7E = {
						CreatedOnToolsVersion = 15.2;
					};
				};
			};
			buildConfigurationList = C8032B6F2C073672008C4A7E /* Build configuration list for PBXProject "FitHeightSheetDemo" */;
			compatibilityVersion = "Xcode 14.0";
			developmentRegion = en;
			hasScannedForEncodings = 0;
			knownRegions = (
				en,
				Base,
			);
			mainGroup = C8032B6B2C073672008C4A7E;
			packageReferences = (
				C8032B852C0736D1008C4A7E /* XCLocalSwiftPackageReference ".." */,
			);
			productRefGroup = C8032B752C073672008C4A7E /* Products */;
			projectDirPath = "";
			projectRoot = "";
			targets = (
				C8032B732C073672008C4A7E /* FitHeightSheetDemo */,
			);
		};
/* End PBXProject section */

/* Begin PBXResourcesBuildPhase section */
		C8032B722C073672008C4A7E /* Resources */ = {
			isa = PBXResourcesBuildPhase;
			buildActionMask = 2147483647;
			files = (
				C8032B7F2C073673008C4A7E /* Preview Assets.xcassets in Resources */,
				C8032B7C2C073673008C4A7E /* Assets.xcassets in Resources */,
			);
			runOnlyForDeploymentPostprocessing = 0;
		};
/* End PBXResourcesBuildPhase section */

/* Begin PBXSourcesBuildPhase section */
		C8032B702C073672008C4A7E /* Sources */ = {
			isa = PBXSourcesBuildPhase;
			buildActionMask = 2147483647;
			files = (
				C87D1A092C1CA1C50099953D /* HomeView.swift in Sources */,
				C87D1A0D2C1CAD830099953D /* SheetWithTabView.swift in Sources */,
				C87D1A0F2C1CAD980099953D /* SheetPresentationWithOptionalValueView.swift in Sources */,
				C8032B7A2C073672008C4A7E /* SheetPresentationWithBoolView.swift in Sources */,
				C87D1A0B2C1CAD110099953D /* SheetView.swift in Sources */,
				C8032B782C073672008C4A7E /* FitHeightSheetDemoApp.swift in Sources */,
				C8C1042C2C2342B800DF342D /* SheetWithCustomizations.swift in Sources */,
			);
			runOnlyForDeploymentPostprocessing = 0;
		};
/* End PBXSourcesBuildPhase section */

/* Begin XCBuildConfiguration section */
		C8032B802C073673008C4A7E /* Debug */ = {
			isa = XCBuildConfiguration;
			buildSettings = {
				ALWAYS_SEARCH_USER_PATHS = NO;
				ASSETCATALOG_COMPILER_GENERATE_SWIFT_ASSET_SYMBOL_EXTENSIONS = YES;
				CLANG_ANALYZER_NONNULL = YES;
				CLANG_ANALYZER_NUMBER_OBJECT_CONVERSION = YES_AGGRESSIVE;
				CLANG_CXX_LANGUAGE_STANDARD = "gnu++20";
				CLANG_ENABLE_MODULES = YES;
				CLANG_ENABLE_OBJC_ARC = YES;
				CLANG_ENABLE_OBJC_WEAK = YES;
				CLANG_WARN_BLOCK_CAPTURE_AUTORELEASING = YES;
				CLANG_WARN_BOOL_CONVERSION = YES;
				CLANG_WARN_COMMA = YES;
				CLANG_WARN_CONSTANT_CONVERSION = YES;
				CLANG_WARN_DEPRECATED_OBJC_IMPLEMENTATIONS = YES;
				CLANG_WARN_DIRECT_OBJC_ISA_USAGE = YES_ERROR;
				CLANG_WARN_DOCUMENTATION_COMMENTS = YES;
				CLANG_WARN_EMPTY_BODY = YES;
				CLANG_WARN_ENUM_CONVERSION = YES;
				CLANG_WARN_INFINITE_RECURSION = YES;
				CLANG_WARN_INT_CONVERSION = YES;
				CLANG_WARN_NON_LITERAL_NULL_CONVERSION = YES;
				CLANG_WARN_OBJC_IMPLICIT_RETAIN_SELF = YES;
				CLANG_WARN_OBJC_LITERAL_CONVERSION = YES;
				CLANG_WARN_OBJC_ROOT_CLASS = YES_ERROR;
				CLANG_WARN_QUOTED_INCLUDE_IN_FRAMEWORK_HEADER = YES;
				CLANG_WARN_RANGE_LOOP_ANALYSIS = YES;
				CLANG_WARN_STRICT_PROTOTYPES = YES;
				CLANG_WARN_SUSPICIOUS_MOVE = YES;
				CLANG_WARN_UNGUARDED_AVAILABILITY = YES_AGGRESSIVE;
				CLANG_WARN_UNREACHABLE_CODE = YES;
				CLANG_WARN__DUPLICATE_METHOD_MATCH = YES;
				COPY_PHASE_STRIP = NO;
				DEBUG_INFORMATION_FORMAT = dwarf;
				ENABLE_STRICT_OBJC_MSGSEND = YES;
				ENABLE_TESTABILITY = YES;
				ENABLE_USER_SCRIPT_SANDBOXING = YES;
				GCC_C_LANGUAGE_STANDARD = gnu17;
				GCC_DYNAMIC_NO_PIC = NO;
				GCC_NO_COMMON_BLOCKS = YES;
				GCC_OPTIMIZATION_LEVEL = 0;
				GCC_PREPROCESSOR_DEFINITIONS = (
					"DEBUG=1",
					"$(inherited)",
				);
				GCC_WARN_64_TO_32_BIT_CONVERSION = YES;
				GCC_WARN_ABOUT_RETURN_TYPE = YES_ERROR;
				GCC_WARN_UNDECLARED_SELECTOR = YES;
				GCC_WARN_UNINITIALIZED_AUTOS = YES_AGGRESSIVE;
				GCC_WARN_UNUSED_FUNCTION = YES;
				GCC_WARN_UNUSED_VARIABLE = YES;
				IPHONEOS_DEPLOYMENT_TARGET = 17.2;
				LOCALIZATION_PREFERS_STRING_CATALOGS = YES;
				MTL_ENABLE_DEBUG_INFO = INCLUDE_SOURCE;
				MTL_FAST_MATH = YES;
				ONLY_ACTIVE_ARCH = YES;
				SDKROOT = iphoneos;
				SWIFT_ACTIVE_COMPILATION_CONDITIONS = "DEBUG $(inherited)";
				SWIFT_OPTIMIZATION_LEVEL = "-Onone";
			};
			name = Debug;
		};
		C8032B812C073673008C4A7E /* Release */ = {
			isa = XCBuildConfiguration;
			buildSettings = {
				ALWAYS_SEARCH_USER_PATHS = NO;
				ASSETCATALOG_COMPILER_GENERATE_SWIFT_ASSET_SYMBOL_EXTENSIONS = YES;
				CLANG_ANALYZER_NONNULL = YES;
				CLANG_ANALYZER_NUMBER_OBJECT_CONVERSION = YES_AGGRESSIVE;
				CLANG_CXX_LANGUAGE_STANDARD = "gnu++20";
				CLANG_ENABLE_MODULES = YES;
				CLANG_ENABLE_OBJC_ARC = YES;
				CLANG_ENABLE_OBJC_WEAK = YES;
				CLANG_WARN_BLOCK_CAPTURE_AUTORELEASING = YES;
				CLANG_WARN_BOOL_CONVERSION = YES;
				CLANG_WARN_COMMA = YES;
				CLANG_WARN_CONSTANT_CONVERSION = YES;
				CLANG_WARN_DEPRECATED_OBJC_IMPLEMENTATIONS = YES;
				CLANG_WARN_DIRECT_OBJC_ISA_USAGE = YES_ERROR;
				CLANG_WARN_DOCUMENTATION_COMMENTS = YES;
				CLANG_WARN_EMPTY_BODY = YES;
				CLANG_WARN_ENUM_CONVERSION = YES;
				CLANG_WARN_INFINITE_RECURSION = YES;
				CLANG_WARN_INT_CONVERSION = YES;
				CLANG_WARN_NON_LITERAL_NULL_CONVERSION = YES;
				CLANG_WARN_OBJC_IMPLICIT_RETAIN_SELF = YES;
				CLANG_WARN_OBJC_LITERAL_CONVERSION = YES;
				CLANG_WARN_OBJC_ROOT_CLASS = YES_ERROR;
				CLANG_WARN_QUOTED_INCLUDE_IN_FRAMEWORK_HEADER = YES;
				CLANG_WARN_RANGE_LOOP_ANALYSIS = YES;
				CLANG_WARN_STRICT_PROTOTYPES = YES;
				CLANG_WARN_SUSPICIOUS_MOVE = YES;
				CLANG_WARN_UNGUARDED_AVAILABILITY = YES_AGGRESSIVE;
				CLANG_WARN_UNREACHABLE_CODE = YES;
				CLANG_WARN__DUPLICATE_METHOD_MATCH = YES;
				COPY_PHASE_STRIP = NO;
				DEBUG_INFORMATION_FORMAT = "dwarf-with-dsym";
				ENABLE_NS_ASSERTIONS = NO;
				ENABLE_STRICT_OBJC_MSGSEND = YES;
				ENABLE_USER_SCRIPT_SANDBOXING = YES;
				GCC_C_LANGUAGE_STANDARD = gnu17;
				GCC_NO_COMMON_BLOCKS = YES;
				GCC_WARN_64_TO_32_BIT_CONVERSION = YES;
				GCC_WARN_ABOUT_RETURN_TYPE = YES_ERROR;
				GCC_WARN_UNDECLARED_SELECTOR = YES;
				GCC_WARN_UNINITIALIZED_AUTOS = YES_AGGRESSIVE;
				GCC_WARN_UNUSED_FUNCTION = YES;
				GCC_WARN_UNUSED_VARIABLE = YES;
				IPHONEOS_DEPLOYMENT_TARGET = 17.2;
				LOCALIZATION_PREFERS_STRING_CATALOGS = YES;
				MTL_ENABLE_DEBUG_INFO = NO;
				MTL_FAST_MATH = YES;
				SDKROOT = iphoneos;
				SWIFT_COMPILATION_MODE = wholemodule;
				VALIDATE_PRODUCT = YES;
			};
			name = Release;
		};
		C8032B832C073673008C4A7E /* Debug */ = {
			isa = XCBuildConfiguration;
			buildSettings = {
				ASSETCATALOG_COMPILER_APPICON_NAME = AppIcon;
				ASSETCATALOG_COMPILER_GLOBAL_ACCENT_COLOR_NAME = AccentColor;
				CODE_SIGN_STYLE = Automatic;
				CURRENT_PROJECT_VERSION = 1;
				DEVELOPMENT_ASSET_PATHS = "\"FitHeightSheetDemo/Preview Content\"";
				DEVELOPMENT_TEAM = 3LGZY3S9Q5;
				ENABLE_PREVIEWS = YES;
				GENERATE_INFOPLIST_FILE = YES;
				INFOPLIST_KEY_UIApplicationSceneManifest_Generation = YES;
				INFOPLIST_KEY_UIApplicationSupportsIndirectInputEvents = YES;
				INFOPLIST_KEY_UILaunchScreen_Generation = YES;
				INFOPLIST_KEY_UISupportedInterfaceOrientations_iPad = "UIInterfaceOrientationPortrait UIInterfaceOrientationPortraitUpsideDown UIInterfaceOrientationLandscapeLeft UIInterfaceOrientationLandscapeRight";
				INFOPLIST_KEY_UISupportedInterfaceOrientations_iPhone = "UIInterfaceOrientationPortrait UIInterfaceOrientationLandscapeLeft UIInterfaceOrientationLandscapeRight";
				LD_RUNPATH_SEARCH_PATHS = (
					"$(inherited)",
					"@executable_path/Frameworks",
				);
				MARKETING_VERSION = 1.0;
				PRODUCT_BUNDLE_IDENTIFIER = com.kyaw.FitHeightSheetDemo;
				PRODUCT_NAME = "$(TARGET_NAME)";
				SWIFT_EMIT_LOC_STRINGS = YES;
				SWIFT_VERSION = 5.0;
				TARGETED_DEVICE_FAMILY = "1,2";
			};
			name = Debug;
		};
		C8032B842C073673008C4A7E /* Release */ = {
			isa = XCBuildConfiguration;
			buildSettings = {
				ASSETCATALOG_COMPILER_APPICON_NAME = AppIcon;
				ASSETCATALOG_COMPILER_GLOBAL_ACCENT_COLOR_NAME = AccentColor;
				CODE_SIGN_STYLE = Automatic;
				CURRENT_PROJECT_VERSION = 1;
				DEVELOPMENT_ASSET_PATHS = "\"FitHeightSheetDemo/Preview Content\"";
				DEVELOPMENT_TEAM = 3LGZY3S9Q5;
				ENABLE_PREVIEWS = YES;
				GENERATE_INFOPLIST_FILE = YES;
				INFOPLIST_KEY_UIApplicationSceneManifest_Generation = YES;
				INFOPLIST_KEY_UIApplicationSupportsIndirectInputEvents = YES;
				INFOPLIST_KEY_UILaunchScreen_Generation = YES;
				INFOPLIST_KEY_UISupportedInterfaceOrientations_iPad = "UIInterfaceOrientationPortrait UIInterfaceOrientationPortraitUpsideDown UIInterfaceOrientationLandscapeLeft UIInterfaceOrientationLandscapeRight";
				INFOPLIST_KEY_UISupportedInterfaceOrientations_iPhone = "UIInterfaceOrientationPortrait UIInterfaceOrientationLandscapeLeft UIInterfaceOrientationLandscapeRight";
				LD_RUNPATH_SEARCH_PATHS = (
					"$(inherited)",
					"@executable_path/Frameworks",
				);
				MARKETING_VERSION = 1.0;
				PRODUCT_BUNDLE_IDENTIFIER = com.kyaw.FitHeightSheetDemo;
				PRODUCT_NAME = "$(TARGET_NAME)";
				SWIFT_EMIT_LOC_STRINGS = YES;
				SWIFT_VERSION = 5.0;
				TARGETED_DEVICE_FAMILY = "1,2";
			};
			name = Release;
		};
/* End XCBuildConfiguration section */

/* Begin XCConfigurationList section */
		C8032B6F2C073672008C4A7E /* Build configuration list for PBXProject "FitHeightSheetDemo" */ = {
			isa = XCConfigurationList;
			buildConfigurations = (
				C8032B802C073673008C4A7E /* Debug */,
				C8032B812C073673008C4A7E /* Release */,
			);
			defaultConfigurationIsVisible = 0;
			defaultConfigurationName = Release;
		};
		C8032B822C073673008C4A7E /* Build configuration list for PBXNativeTarget "FitHeightSheetDemo" */ = {
			isa = XCConfigurationList;
			buildConfigurations = (
				C8032B832C073673008C4A7E /* Debug */,
				C8032B842C073673008C4A7E /* Release */,
			);
			defaultConfigurationIsVisible = 0;
			defaultConfigurationName = Release;
		};
/* End XCConfigurationList section */

/* Begin XCLocalSwiftPackageReference section */
		C8032B852C0736D1008C4A7E /* XCLocalSwiftPackageReference ".." */ = {
			isa = XCLocalSwiftPackageReference;
			relativePath = ..;
		};
/* End XCLocalSwiftPackageReference section */

/* Begin XCSwiftPackageProductDependency section */
		C8032B862C0736D1008C4A7E /* FitHeightSheet */ = {
			isa = XCSwiftPackageProductDependency;
			productName = FitHeightSheet;
		};
/* End XCSwiftPackageProductDependency section */
	};
	rootObject = C8032B6C2C073672008C4A7E /* Project object */;
}
